
Microsoft Visual Studio Solution File, Format Version 12.00
# Visual Studio Version 16
VisualStudioVersion = 16.0.29409.12
MinimumVisualStudioVersion = 10.0.40219.1
Project("{FAE04EC0-301F-11D3-BF4B-00C04F79EFBC}") = "Lab2", "Lab2\Lab2.csproj", "{1BC0A243-82BD-4B7E-B17B-7FF1BA62FD71}"
EndProject
Global
	GlobalSection(SolutionConfigurationPlatforms) = preSolution
		Debug|Any CPU = Debug|Any CPU
		Release|Any CPU = Release|Any CPU
	EndGlobalSection
	GlobalSection(ProjectConfigurationPlatforms) = postSolution
		{1BC0A243-82BD-4B7E-B17B-7FF1BA62FD71}.Debug|Any CPU.ActiveCfg = Debug|Any CPU
		{1BC0A243-82BD-4B7E-B17B-7FF1BA62FD71}.Debug|Any CPU.Build.0 = Debug|Any CPU
		{1BC0A243-82BD-4B7E-B17B-7FF1BA62FD71}.Release|Any CPU.ActiveCfg = Release|Any CPU
		{1BC0A243-82BD-4B7E-B17B-7FF1BA62FD71}.Release|Any CPU.Build.0 = Release|Any CPU
	EndGlobalSection
	GlobalSection(SolutionProperties) = preSolution
		HideSolutionNode = FALSE
	EndGlobalSection
	GlobalSection(ExtensibilityGlobals) = postSolution
		SolutionGuid = {4944FD3F-8C26-468A-972D-53379325DD17}
	EndGlobalSection
EndGlobal
